PODS:
  - Crisp (1.0.3)
  - Flutter (1.0.0)
  - flutter_crispchat (0.0.1):
    - Crisp (~> 1.0.3)
    - Flutter

DEPENDENCIES:
  - Flutter (from `Flutter`)
  - flutter_crispchat (from `.symlinks/plugins/flutter_crispchat/ios`)

SPEC REPOS:
  trunk:
    - Crisp

EXTERNAL SOURCES:
  Flutter:
    :path: Flutter
  flutter_crispchat:
    :path: ".symlinks/plugins/flutter_crispchat/ios"

SPEC CHECKSUMS:
  Crisp: 25e6203d6387904611b093fd969c27c92d713501
  Flutter: 0e3d915762c693b495b44d77113d4970485de6ec
  flutter_crispchat: ff1b6f0d7d4d573e0d20c4ae73843e2193ba181d

PODFILE CHECKSUM: aafe91acc616949ddb318b77800a7f51bffa2a4c

COCOAPODS: 1.9.3
